
Microsoft Visual Studio Solution File, Format Version 12.00
# Visual Studio 14
VisualStudioVersion = 14.0.25420.1
MinimumVisualStudioVersion = 10.0.40219.1
Project("{FAE04EC0-301F-11D3-BF4B-00C04F79EFBC}") = "Lab9", "Lab9\Lab9.csproj", "{1B4804C1-BBF6-4CCE-A509-D4B0A8FA7C2F}"
EndProject
Global
	GlobalSection(SolutionConfigurationPlatforms) = preSolution
		Debug|Any CPU = Debug|Any CPU
		Release|Any CPU = Release|Any CPU
	EndGlobalSection
	GlobalSection(ProjectConfigurationPlatforms) = postSolution
		{1B4804C1-BBF6-4CCE-A509-D4B0A8FA7C2F}.Debug|Any CPU.ActiveCfg = Debug|Any CPU
		{1B4804C1-BBF6-4CCE-A509-D4B0A8FA7C2F}.Debug|Any CPU.Build.0 = Debug|Any CPU
		{1B4804C1-BBF6-4CCE-A509-D4B0A8FA7C2F}.Release|Any CPU.ActiveCfg = Release|Any CPU
		{1B4804C1-BBF6-4CCE-A509-D4B0A8FA7C2F}.Release|Any CPU.Build.0 = Release|Any CPU
	EndGlobalSection
	GlobalSection(SolutionProperties) = preSolution
		HideSolutionNode = FALSE
	EndGlobalSection
EndGlobal
